
Microsoft Visual Studio Solution File, Format Version 12.00
# Visual Studio Version 16
VisualStudioVersion = 16.0.35826.135
MinimumVisualStudioVersion = 10.0.40219.1
Project("{FAE04EC0-301F-11D3-BF4B-00C04F79EFBC}") = "ConsoleApp2", "ConsoleApp2\ConsoleApp2.csproj", "{AFA4FA97-3F06-4658-9C52-94882DE7A7AC}"
EndProject
Global
	GlobalSection(SolutionConfigurationPlatforms) = preSolution
		Debug|Any CPU = Debug|Any CPU
		Release|Any CPU = Release|Any CPU
	EndGlobalSection
	GlobalSection(ProjectConfigurationPlatforms) = postSolution
		{AFA4FA97-3F06-4658-9C52-94882DE7A7AC}.Debug|Any CPU.ActiveCfg = Debug|Any CPU
		{AFA4FA97-3F06-4658-9C52-94882DE7A7AC}.Debug|Any CPU.Build.0 = Debug|Any CPU
		{AFA4FA97-3F06-4658-9C52-94882DE7A7AC}.Release|Any CPU.ActiveCfg = Release|Any CPU
		{AFA4FA97-3F06-4658-9C52-94882DE7A7AC}.Release|Any CPU.Build.0 = Release|Any CPU
	EndGlobalSection
	GlobalSection(SolutionProperties) = preSolution
		HideSolutionNode = FALSE
	EndGlobalSection
	GlobalSection(ExtensibilityGlobals) = postSolution
		SolutionGuid = {EA9B2A99-EEE5-42E6-A28A-F5D6D4DCC91B}
	EndGlobalSection
EndGlobal
